Microsoft Visual Studio Solution File, Format Version 12.00
# Visual Studio Version 17
VisualStudioVersion = 17.10.34804.81
MinimumVisualStudioVersion = 15.0.26124.0
Project("{9A19103F-16F7-4668-BE54-9A1E7A4F7556}") = "HttpClientFactoryLib", "src\HttpClientFactoryLib.csproj", "{4AE38388-5570-4836-9CC1-4DC9717C39C3}"
EndProject
Project("{2150E333-8FDC-42A3-9474-1A3956D46DE8}") = "tests", "tests", "{FFA0FAE8-4A83-47DA-B6AE-E0557CE1BEDC}"
EndProject
Project("{9A19103F-16F7-4668-BE54-9A1E7A4F7556}") = "HttpClientFactoryLib.Tests", "tests\HttpClientFactoryLib.Tests\HttpClientFactoryLib.Tests.csproj", "{22EB4DE0-A970-49A9-B01E-0EE825F427EB}"
EndProject
Project("{2150E333-8FDC-42A3-9474-1A3956D46DE8}") = "samples", "samples", "{9F497A65-61A4-4250-ACAF-80EF116BC52D}"
EndProject
Project("{9A19103F-16F7-4668-BE54-9A1E7A4F7556}") = "ConsumingWebApi", "samples\ConsumingWebApi\ConsumingWebApi.csproj", "{783DC1D9-D7E0-4F41-8125-0E15402EF94C}"
EndProject
Project("{9A19103F-16F7-4668-BE54-9A1E7A4F7556}") = "OAuthBackend", "samples\OAuthBackend\OAuthBackend.csproj", "{CFE7E4D4-B02A-4104-A955-AB95DB85B2BB}"
EndProject
Project("{9A19103F-16F7-4668-BE54-9A1E7A4F7556}") = "BasicAuthenticationBackend", "samples\BasicAuthenticationBackend\BasicAuthenticationBackend.csproj", "{F3EF07B6-5F3F-4BCA-8C0A-6EEC6CD7AE9D}"
EndProject
Project("{9A19103F-16F7-4668-BE54-9A1E7A4F7556}") = "AnonymousBackend", "samples\AnonymousBackend\AnonymousBackend.csproj", "{7AECDF80-D5B5-483C-B25B-C02BF4DE377C}"
EndProject
Project("{2150E333-8FDC-42A3-9474-1A3956D46DE8}") = "backends", "backends", "{60D470DE-FB63-42EC-AB88-DB26E7574BD2}"
EndProject
Project("{2150E333-8FDC-42A3-9474-1A3956D46DE8}") = ".build", ".build", "{D5E54095-EEE9-4445-8BE2-45415B1259FD}"
	ProjectSection(SolutionItems) = preProject
		.gitignore = .gitignore
		global.json = global.json
	EndProjectSection
EndProject
Project("{9A19103F-16F7-4668-BE54-9A1E7A4F7556}") = "AspireSampleServiceDefaults", "samples\AspireSampleServiceDefaults\AspireSampleServiceDefaults.csproj", "{8B62B58C-8453-470F-9291-A1C446CBC046}"
EndProject
Project("{9A19103F-16F7-4668-BE54-9A1E7A4F7556}") = "AspireSampleHost", "samples\AspireSampleHost\AspireSampleHost.csproj", "{A35B50C3-39EB-4F7B-B43F-044614535F23}"
EndProject
Global
	GlobalSection(SolutionConfigurationPlatforms) = preSolution
		Debug|Any CPU = Debug|Any CPU
		Debug|x64 = Debug|x64
		Debug|x86 = Debug|x86
		Release|Any CPU = Release|Any CPU
		Release|x64 = Release|x64
		Release|x86 = Release|x86
	EndGlobalSection
	GlobalSection(ProjectConfigurationPlatforms) = postSolution
		{4AE38388-5570-4836-9CC1-4DC9717C39C3}.Debug|Any CPU.ActiveCfg = Debug|Any CPU
		{4AE38388-5570-4836-9CC1-4DC9717C39C3}.Debug|Any CPU.Build.0 = Debug|Any CPU
		{4AE38388-5570-4836-9CC1-4DC9717C39C3}.Debug|x64.ActiveCfg = Debug|Any CPU
		{4AE38388-5570-4836-9CC1-4DC9717C39C3}.Debug|x64.Build.0 = Debug|Any CPU
		{4AE38388-5570-4836-9CC1-4DC9717C39C3}.Debug|x86.ActiveCfg = Debug|Any CPU
		{4AE38388-5570-4836-9CC1-4DC9717C39C3}.Debug|x86.Build.0 = Debug|Any CPU
		{4AE38388-5570-4836-9CC1-4DC9717C39C3}.Release|Any CPU.ActiveCfg = Release|Any CPU
		{4AE38388-5570-4836-9CC1-4DC9717C39C3}.Release|Any CPU.Build.0 = Release|Any CPU
		{4AE38388-5570-4836-9CC1-4DC9717C39C3}.Release|x64.ActiveCfg = Release|Any CPU
		{4AE38388-5570-4836-9CC1-4DC9717C39C3}.Release|x64.Build.0 = Release|Any CPU
		{4AE38388-5570-4836-9CC1-4DC9717C39C3}.Release|x86.ActiveCfg = Release|Any CPU
		{4AE38388-5570-4836-9CC1-4DC9717C39C3}.Release|x86.Build.0 = Release|Any CPU
		{22EB4DE0-A970-49A9-B01E-0EE825F427EB}.Debug|Any CPU.ActiveCfg = Debug|Any CPU
		{22EB4DE0-A970-49A9-B01E-0EE825F427EB}.Debug|Any CPU.Build.0 = Debug|Any CPU
		{22EB4DE0-A970-49A9-B01E-0EE825F427EB}.Debug|x64.ActiveCfg = Debug|Any CPU
		{22EB4DE0-A970-49A9-B01E-0EE825F427EB}.Debug|x64.Build.0 = Debug|Any CPU
		{22EB4DE0-A970-49A9-B01E-0EE825F427EB}.Debug|x86.ActiveCfg = Debug|Any CPU
		{22EB4DE0-A970-49A9-B01E-0EE825F427EB}.Debug|x86.Build.0 = Debug|Any CPU
		{22EB4DE0-A970-49A9-B01E-0EE825F427EB}.Release|Any CPU.ActiveCfg = Release|Any CPU
		{22EB4DE0-A970-49A9-B01E-0EE825F427EB}.Release|Any CPU.Build.0 = Release|Any CPU
		{22EB4DE0-A970-49A9-B01E-0EE825F427EB}.Release|x64.ActiveCfg = Release|Any CPU
		{22EB4DE0-A970-49A9-B01E-0EE825F427EB}.Release|x64.Build.0 = Release|Any CPU
		{22EB4DE0-A970-49A9-B01E-0EE825F427EB}.Release|x86.ActiveCfg = Release|Any CPU
		{22EB4DE0-A970-49A9-B01E-0EE825F427EB}.Release|x86.Build.0 = Release|Any CPU
		{783DC1D9-D7E0-4F41-8125-0E15402EF94C}.Debug|Any CPU.ActiveCfg = Debug|Any CPU
		{783DC1D9-D7E0-4F41-8125-0E15402EF94C}.Debug|Any CPU.Build.0 = Debug|Any CPU
		{783DC1D9-D7E0-4F41-8125-0E15402EF94C}.Debug|x64.ActiveCfg = Debug|Any CPU
		{783DC1D9-D7E0-4F41-8125-0E15402EF94C}.Debug|x64.Build.0 = Debug|Any CPU
		{783DC1D9-D7E0-4F41-8125-0E15402EF94C}.Debug|x86.ActiveCfg = Debug|Any CPU
		{783DC1D9-D7E0-4F41-8125-0E15402EF94C}.Debug|x86.Build.0 = Debug|Any CPU
		{783DC1D9-D7E0-4F41-8125-0E15402EF94C}.Release|Any CPU.ActiveCfg = Release|Any CPU
		{783DC1D9-D7E0-4F41-8125-0E15402EF94C}.Release|Any CPU.Build.0 = Release|Any CPU
		{783DC1D9-D7E0-4F41-8125-0E15402EF94C}.Release|x64.ActiveCfg = Release|Any CPU
		{783DC1D9-D7E0-4F41-8125-0E15402EF94C}.Release|x64.Build.0 = Release|Any CPU
		{783DC1D9-D7E0-4F41-8125-0E15402EF94C}.Release|x86.ActiveCfg = Release|Any CPU
		{783DC1D9-D7E0-4F41-8125-0E15402EF94C}.Release|x86.Build.0 = Release|Any CPU
		{8B62B58C-8453-470F-9291-A1C446CBC046}.Debug|Any CPU.ActiveCfg = Debug|Any CPU
		{8B62B58C-8453-470F-9291-A1C446CBC046}.Debug|Any CPU.Build.0 = Debug|Any CPU
		{8B62B58C-8453-470F-9291-A1C446CBC046}.Debug|x64.ActiveCfg = Debug|Any CPU
		{8B62B58C-8453-470F-9291-A1C446CBC046}.Debug|x64.Build.0 = Debug|Any CPU
		{8B62B58C-8453-470F-9291-A1C446CBC046}.Debug|x86.ActiveCfg = Debug|Any CPU
		{8B62B58C-8453-470F-9291-A1C446CBC046}.Debug|x86.Build.0 = Debug|Any CPU
		{8B62B58C-8453-470F-9291-A1C446CBC046}.Release|Any CPU.ActiveCfg = Release|Any CPU
		{8B62B58C-8453-470F-9291-A1C446CBC046}.Release|Any CPU.Build.0 = Release|Any CPU
		{8B62B58C-8453-470F-9291-A1C446CBC046}.Release|x64.ActiveCfg = Release|Any CPU
		{8B62B58C-8453-470F-9291-A1C446CBC046}.Release|x64.Build.0 = Release|Any CPU
		{8B62B58C-8453-470F-9291-A1C446CBC046}.Release|x86.ActiveCfg = Release|Any CPU
		{8B62B58C-8453-470F-9291-A1C446CBC046}.Release|x86.Build.0 = Release|Any CPU
		{A35B50C3-39EB-4F7B-B43F-044614535F23}.Debug|Any CPU.ActiveCfg = Debug|Any CPU
		{A35B50C3-39EB-4F7B-B43F-044614535F23}.Debug|Any CPU.Build.0 = Debug|Any CPU
		{A35B50C3-39EB-4F7B-B43F-044614535F23}.Debug|x64.ActiveCfg = Debug|Any CPU
		{A35B50C3-39EB-4F7B-B43F-044614535F23}.Debug|x64.Build.0 = Debug|Any CPU
		{A35B50C3-39EB-4F7B-B43F-044614535F23}.Debug|x86.ActiveCfg = Debug|Any CPU
		{A35B50C3-39EB-4F7B-B43F-044614535F23}.Debug|x86.Build.0 = Debug|Any CPU
		{A35B50C3-39EB-4F7B-B43F-044614535F23}.Release|Any CPU.ActiveCfg = Release|Any CPU
		{A35B50C3-39EB-4F7B-B43F-044614535F23}.Release|Any CPU.Build.0 = Release|Any CPU
		{A35B50C3-39EB-4F7B-B43F-044614535F23}.Release|x64.ActiveCfg = Release|Any CPU
		{A35B50C3-39EB-4F7B-B43F-044614535F23}.Release|x64.Build.0 = Release|Any CPU
		{A35B50C3-39EB-4F7B-B43F-044614535F23}.Release|x86.ActiveCfg = Release|Any CPU
		{A35B50C3-39EB-4F7B-B43F-044614535F23}.Release|x86.Build.0 = Release|Any CPU
		{CFE7E4D4-B02A-4104-A955-AB95DB85B2BB}.Debug|Any CPU.ActiveCfg = Debug|Any CPU
		{CFE7E4D4-B02A-4104-A955-AB95DB85B2BB}.Debug|Any CPU.Build.0 = Debug|Any CPU
		{CFE7E4D4-B02A-4104-A955-AB95DB85B2BB}.Debug|x64.ActiveCfg = Debug|Any CPU
		{CFE7E4D4-B02A-4104-A955-AB95DB85B2BB}.Debug|x64.Build.0 = Debug|Any CPU
		{CFE7E4D4-B02A-4104-A955-AB95DB85B2BB}.Debug|x86.ActiveCfg = Debug|Any CPU
		{CFE7E4D4-B02A-4104-A955-AB95DB85B2BB}.Debug|x86.Build.0 = Debug|Any CPU
		{CFE7E4D4-B02A-4104-A955-AB95DB85B2BB}.Release|Any CPU.ActiveCfg = Release|Any CPU
		{CFE7E4D4-B02A-4104-A955-AB95DB85B2BB}.Release|Any CPU.Build.0 = Release|Any CPU
		{CFE7E4D4-B02A-4104-A955-AB95DB85B2BB}.Release|x64.ActiveCfg = Release|Any CPU
		{CFE7E4D4-B02A-4104-A955-AB95DB85B2BB}.Release|x64.Build.0 = Release|Any CPU
		{CFE7E4D4-B02A-4104-A955-AB95DB85B2BB}.Release|x86.ActiveCfg = Release|Any CPU
		{CFE7E4D4-B02A-4104-A955-AB95DB85B2BB}.Release|x86.Build.0 = Release|Any CPU
		{F3EF07B6-5F3F-4BCA-8C0A-6EEC6CD7AE9D}.Debug|Any CPU.ActiveCfg = Debug|Any CPU
		{F3EF07B6-5F3F-4BCA-8C0A-6EEC6CD7AE9D}.Debug|Any CPU.Build.0 = Debug|Any CPU
		{F3EF07B6-5F3F-4BCA-8C0A-6EEC6CD7AE9D}.Debug|x64.ActiveCfg = Debug|Any CPU
		{F3EF07B6-5F3F-4BCA-8C0A-6EEC6CD7AE9D}.Debug|x64.Build.0 = Debug|Any CPU
		{F3EF07B6-5F3F-4BCA-8C0A-6EEC6CD7AE9D}.Debug|x86.ActiveCfg = Debug|Any CPU
		{F3EF07B6-5F3F-4BCA-8C0A-6EEC6CD7AE9D}.Debug|x86.Build.0 = Debug|Any CPU
		{F3EF07B6-5F3F-4BCA-8C0A-6EEC6CD7AE9D}.Release|Any CPU.ActiveCfg = Release|Any CPU
		{F3EF07B6-5F3F-4BCA-8C0A-6EEC6CD7AE9D}.Release|Any CPU.Build.0 = Release|Any CPU
		{F3EF07B6-5F3F-4BCA-8C0A-6EEC6CD7AE9D}.Release|x64.ActiveCfg = Release|Any CPU
		{F3EF07B6-5F3F-4BCA-8C0A-6EEC6CD7AE9D}.Release|x64.Build.0 = Release|Any CPU
		{F3EF07B6-5F3F-4BCA-8C0A-6EEC6CD7AE9D}.Release|x86.ActiveCfg = Release|Any CPU
		{F3EF07B6-5F3F-4BCA-8C0A-6EEC6CD7AE9D}.Release|x86.Build.0 = Release|Any CPU
		{7AECDF80-D5B5-483C-B25B-C02BF4DE377C}.Debug|Any CPU.ActiveCfg = Debug|Any CPU
		{7AECDF80-D5B5-483C-B25B-C02BF4DE377C}.Debug|Any CPU.Build.0 = Debug|Any CPU
		{7AECDF80-D5B5-483C-B25B-C02BF4DE377C}.Debug|x64.ActiveCfg = Debug|Any CPU
		{7AECDF80-D5B5-483C-B25B-C02BF4DE377C}.Debug|x64.Build.0 = Debug|Any CPU
		{7AECDF80-D5B5-483C-B25B-C02BF4DE377C}.Debug|x86.ActiveCfg = Debug|Any CPU
		{7AECDF80-D5B5-483C-B25B-C02BF4DE377C}.Debug|x86.Build.0 = Debug|Any CPU
		{7AECDF80-D5B5-483C-B25B-C02BF4DE377C}.Release|Any CPU.ActiveCfg = Release|Any CPU
		{7AECDF80-D5B5-483C-B25B-C02BF4DE377C}.Release|Any CPU.Build.0 = Release|Any CPU
		{7AECDF80-D5B5-483C-B25B-C02BF4DE377C}.Release|x64.ActiveCfg = Release|Any CPU
		{7AECDF80-D5B5-483C-B25B-C02BF4DE377C}.Release|x64.Build.0 = Release|Any CPU
		{7AECDF80-D5B5-483C-B25B-C02BF4DE377C}.Release|x86.ActiveCfg = Release|Any CPU
		{7AECDF80-D5B5-483C-B25B-C02BF4DE377C}.Release|x86.Build.0 = Release|Any CPU
	EndGlobalSection
	GlobalSection(SolutionProperties) = preSolution
		HideSolutionNode = FALSE
	EndGlobalSection
	GlobalSection(NestedProjects) = preSolution
		{22EB4DE0-A970-49A9-B01E-0EE825F427EB} = {FFA0FAE8-4A83-47DA-B6AE-E0557CE1BEDC}
		{783DC1D9-D7E0-4F41-8125-0E15402EF94C} = {9F497A65-61A4-4250-ACAF-80EF116BC52D}
		{8B62B58C-8453-470F-9291-A1C446CBC046} = {9F497A65-61A4-4250-ACAF-80EF116BC52D}
		{A35B50C3-39EB-4F7B-B43F-044614535F23} = {9F497A65-61A4-4250-ACAF-80EF116BC52D}
		{CFE7E4D4-B02A-4104-A955-AB95DB85B2BB} = {60D470DE-FB63-42EC-AB88-DB26E7574BD2}
		{F3EF07B6-5F3F-4BCA-8C0A-6EEC6CD7AE9D} = {60D470DE-FB63-42EC-AB88-DB26E7574BD2}
		{7AECDF80-D5B5-483C-B25B-C02BF4DE377C} = {60D470DE-FB63-42EC-AB88-DB26E7574BD2}
		{60D470DE-FB63-42EC-AB88-DB26E7574BD2} = {9F497A65-61A4-4250-ACAF-80EF116BC52D}
	EndGlobalSection
	GlobalSection(ExtensibilityGlobals) = postSolution
		SolutionGuid = {508569F4-7805-4A8F-93A6-A51AB891911B}
	EndGlobalSection
EndGlobal
